
Microsoft Visual Studio Solution File, Format Version 12.00
# Visual Studio Version 17
VisualStudioVersion = 17.13.35931.197 d17.13
MinimumVisualStudioVersion = 10.0.40219.1
Project("{54A90642-561A-4BB1-A94E-469ADEE60C69}") = "webapptoolsa.client", "webapptoolsa.client\webapptoolsa.client.esproj", "{B3B25AED-EFD8-0AF9-2E2B-CDB4F8BEF011}"
EndProject
Project("{FAE04EC0-301F-11D3-BF4B-00C04F79EFBC}") = "webapptoolsA.Server", "webapptoolsA.Server\webapptoolsA.Server.csproj", "{FD97C1C0-B742-453F-8441-CAC1105AACDB}"
EndProject
Global
	GlobalSection(SolutionConfigurationPlatforms) = preSolution
		Debug|Any CPU = Debug|Any CPU
		Release|Any CPU = Release|Any CPU
	EndGlobalSection
	GlobalSection(ProjectConfigurationPlatforms) = postSolution
		{B3B25AED-EFD8-0AF9-2E2B-CDB4F8BEF011}.Debug|Any CPU.ActiveCfg = Debug|Any CPU
		{B3B25AED-EFD8-0AF9-2E2B-CDB4F8BEF011}.Debug|Any CPU.Build.0 = Debug|Any CPU
		{B3B25AED-EFD8-0AF9-2E2B-CDB4F8BEF011}.Debug|Any CPU.Deploy.0 = Debug|Any CPU
		{B3B25AED-EFD8-0AF9-2E2B-CDB4F8BEF011}.Release|Any CPU.ActiveCfg = Release|Any CPU
		{B3B25AED-EFD8-0AF9-2E2B-CDB4F8BEF011}.Release|Any CPU.Build.0 = Release|Any CPU
		{B3B25AED-EFD8-0AF9-2E2B-CDB4F8BEF011}.Release|Any CPU.Deploy.0 = Release|Any CPU
		{FD97C1C0-B742-453F-8441-CAC1105AACDB}.Debug|Any CPU.ActiveCfg = Debug|Any CPU
		{FD97C1C0-B742-453F-8441-CAC1105AACDB}.Debug|Any CPU.Build.0 = Debug|Any CPU
		{FD97C1C0-B742-453F-8441-CAC1105AACDB}.Release|Any CPU.ActiveCfg = Release|Any CPU
		{FD97C1C0-B742-453F-8441-CAC1105AACDB}.Release|Any CPU.Build.0 = Release|Any CPU
	EndGlobalSection
	GlobalSection(SolutionProperties) = preSolution
		HideSolutionNode = FALSE
	EndGlobalSection
	GlobalSection(ExtensibilityGlobals) = postSolution
		SolutionGuid = {DF8656C1-4D69-44AF-A0E1-293E665679E7}
	EndGlobalSection
EndGlobal
